
Microsoft Visual Studio Solution File, Format Version 12.00
# Visual Studio Version 17
VisualStudioVersion = 17.6.33815.320
MinimumVisualStudioVersion = 10.0.40219.1
Project("{9A19103F-16F7-4668-BE54-9A1E7A4F7556}") = "Szorzotabla", "Szorzotabla\Szorzotabla.csproj", "{0B22FE4B-B24D-4C5A-8809-65791948BAED}"
EndProject
Project("{9A19103F-16F7-4668-BE54-9A1E7A4F7556}") = "Fibonacci", "Fibonacci\Fibonacci.csproj", "{3071513F-A295-4DDF-8351-4237371C72D8}"
EndProject
Project("{FAE04EC0-301F-11D3-BF4B-00C04F79EFBC}") = "mintazh", "mintazh\mintazh.csproj", "{7A6A57C9-6591-4C8B-81C5-487E99D2AF3D}"
EndProject
Global
	GlobalSection(SolutionConfigurationPlatforms) = preSolution
		Debug|Any CPU = Debug|Any CPU
		Release|Any CPU = Release|Any CPU
	EndGlobalSection
	GlobalSection(ProjectConfigurationPlatforms) = postSolution
		{0B22FE4B-B24D-4C5A-8809-65791948BAED}.Debug|Any CPU.ActiveCfg = Debug|Any CPU
		{0B22FE4B-B24D-4C5A-8809-65791948BAED}.Debug|Any CPU.Build.0 = Debug|Any CPU
		{0B22FE4B-B24D-4C5A-8809-65791948BAED}.Release|Any CPU.ActiveCfg = Release|Any CPU
		{0B22FE4B-B24D-4C5A-8809-65791948BAED}.Release|Any CPU.Build.0 = Release|Any CPU
		{3071513F-A295-4DDF-8351-4237371C72D8}.Debug|Any CPU.ActiveCfg = Debug|Any CPU
		{3071513F-A295-4DDF-8351-4237371C72D8}.Debug|Any CPU.Build.0 = Debug|Any CPU
		{3071513F-A295-4DDF-8351-4237371C72D8}.Release|Any CPU.ActiveCfg = Release|Any CPU
		{3071513F-A295-4DDF-8351-4237371C72D8}.Release|Any CPU.Build.0 = Release|Any CPU
		{7A6A57C9-6591-4C8B-81C5-487E99D2AF3D}.Debug|Any CPU.ActiveCfg = Debug|Any CPU
		{7A6A57C9-6591-4C8B-81C5-487E99D2AF3D}.Debug|Any CPU.Build.0 = Debug|Any CPU
		{7A6A57C9-6591-4C8B-81C5-487E99D2AF3D}.Release|Any CPU.ActiveCfg = Release|Any CPU
		{7A6A57C9-6591-4C8B-81C5-487E99D2AF3D}.Release|Any CPU.Build.0 = Release|Any CPU
	EndGlobalSection
	GlobalSection(SolutionProperties) = preSolution
		HideSolutionNode = FALSE
	EndGlobalSection
	GlobalSection(ExtensibilityGlobals) = postSolution
		SolutionGuid = {3A098C70-56D6-4381-BE33-648383D09210}
	EndGlobalSection
EndGlobal
